
Microsoft Visual Studio Solution File, Format Version 12.00
# Visual Studio Version 17
VisualStudioVersion = 17.11.35327.3
MinimumVisualStudioVersion = 10.0.40219.1
Project("{FAE04EC0-301F-11D3-BF4B-00C04F79EFBC}") = "MMapper.Lib", "MMapper.Lib\MMapper.Lib.csproj", "{FBC94CA4-492C-40D4-95D7-9E7D45EBB2FB}"
EndProject
Project("{FAE04EC0-301F-11D3-BF4B-00C04F79EFBC}") = "MMapper.Console", "MMapper.Console\MMapper.Console.csproj", "{D0F28BF7-1826-43EF-B327-3C4F0C815E88}"
EndProject
Global
	GlobalSection(SolutionConfigurationPlatforms) = preSolution
		Debug|Any CPU = Debug|Any CPU
		Release|Any CPU = Release|Any CPU
	EndGlobalSection
	GlobalSection(ProjectConfigurationPlatforms) = postSolution
		{FBC94CA4-492C-40D4-95D7-9E7D45EBB2FB}.Debug|Any CPU.ActiveCfg = Debug|Any CPU
		{FBC94CA4-492C-40D4-95D7-9E7D45EBB2FB}.Debug|Any CPU.Build.0 = Debug|Any CPU
		{FBC94CA4-492C-40D4-95D7-9E7D45EBB2FB}.Release|Any CPU.ActiveCfg = Release|Any CPU
		{FBC94CA4-492C-40D4-95D7-9E7D45EBB2FB}.Release|Any CPU.Build.0 = Release|Any CPU
		{D0F28BF7-1826-43EF-B327-3C4F0C815E88}.Debug|Any CPU.ActiveCfg = Debug|Any CPU
		{D0F28BF7-1826-43EF-B327-3C4F0C815E88}.Debug|Any CPU.Build.0 = Debug|Any CPU
		{D0F28BF7-1826-43EF-B327-3C4F0C815E88}.Release|Any CPU.ActiveCfg = Release|Any CPU
		{D0F28BF7-1826-43EF-B327-3C4F0C815E88}.Release|Any CPU.Build.0 = Release|Any CPU
	EndGlobalSection
	GlobalSection(SolutionProperties) = preSolution
		HideSolutionNode = FALSE
	EndGlobalSection
	GlobalSection(ExtensibilityGlobals) = postSolution
		SolutionGuid = {FEB81A36-7890-4AEA-A3E2-E1E79C87DD84}
	EndGlobalSection
EndGlobal
